
Microsoft Visual Studio Solution File, Format Version 12.00
# Visual Studio Version 17
VisualStudioVersion = 17.7.34202.233
MinimumVisualStudioVersion = 10.0.40219.1
Project("{FAE04EC0-301F-11D3-BF4B-00C04F79EFBC}") = "ConsoleApp5", "ConsoleApp5\ConsoleApp5.csproj", "{DE8AC4DE-EBD3-4F33-BD20-2BF1EF3B005B}"
EndProject
Global
	GlobalSection(SolutionConfigurationPlatforms) = preSolution
		Debug|Any CPU = Debug|Any CPU
		Release|Any CPU = Release|Any CPU
	EndGlobalSection
	GlobalSection(ProjectConfigurationPlatforms) = postSolution
		{DE8AC4DE-EBD3-4F33-BD20-2BF1EF3B005B}.Debug|Any CPU.ActiveCfg = Debug|Any CPU
		{DE8AC4DE-EBD3-4F33-BD20-2BF1EF3B005B}.Debug|Any CPU.Build.0 = Debug|Any CPU
		{DE8AC4DE-EBD3-4F33-BD20-2BF1EF3B005B}.Release|Any CPU.ActiveCfg = Release|Any CPU
		{DE8AC4DE-EBD3-4F33-BD20-2BF1EF3B005B}.Release|Any CPU.Build.0 = Release|Any CPU
	EndGlobalSection
	GlobalSection(SolutionProperties) = preSolution
		HideSolutionNode = FALSE
	EndGlobalSection
	GlobalSection(ExtensibilityGlobals) = postSolution
		SolutionGuid = {F323C336-3CFD-43A1-BF38-9FC4C33CAECA}
	EndGlobalSection
EndGlobal
